
Microsoft Visual Studio Solution File, Format Version 12.00
# Visual Studio 15
VisualStudioVersion = 15.0.28307.106
MinimumVisualStudioVersion = 10.0.40219.1
Project("{FAE04EC0-301F-11D3-BF4B-00C04F79EFBC}") = "HashTaBale", "HashTaBale\HashTaBale.csproj", "{B33D24D7-4113-410A-A829-91B0387D436D}"
EndProject
Global
	GlobalSection(SolutionConfigurationPlatforms) = preSolution
		Debug|Any CPU = Debug|Any CPU
		Release|Any CPU = Release|Any CPU
	EndGlobalSection
	GlobalSection(ProjectConfigurationPlatforms) = postSolution
		{B33D24D7-4113-410A-A829-91B0387D436D}.Debug|Any CPU.ActiveCfg = Debug|Any CPU
		{B33D24D7-4113-410A-A829-91B0387D436D}.Debug|Any CPU.Build.0 = Debug|Any CPU
		{B33D24D7-4113-410A-A829-91B0387D436D}.Release|Any CPU.ActiveCfg = Release|Any CPU
		{B33D24D7-4113-410A-A829-91B0387D436D}.Release|Any CPU.Build.0 = Release|Any CPU
	EndGlobalSection
	GlobalSection(SolutionProperties) = preSolution
		HideSolutionNode = FALSE
	EndGlobalSection
	GlobalSection(ExtensibilityGlobals) = postSolution
		SolutionGuid = {D2CA5659-F6FD-4EC4-B15C-BBFD7B3EFFC1}
	EndGlobalSection
EndGlobal
